{
    "_meta": {
        "hash": {
            "sha256": "489c70d72b570d50b4ccf46a784ca4a914fbbf7d8a7c86b56e00d9b717b04ea3"
        },
        "pipfile-spec": 6,
        "requires": {
            "python_version": "3.7"
        },
        "sources": [
            {
                "name": "pypi",
                "url": "https://pypi.org/simple",
                "verify_ssl": true
            }
        ]
    },
    "default": {
        "grpcio": {
            "hashes": [
                "sha256:0698c094688a2dd4c7c2f2c0e3e142cac439a64d1cef6904c97f6cde38ba422f",
                "sha256:104a2210edd3776c38448b4f76c2f16e527adafbde171fc72a8a32976c20abc7",
                "sha256:14817de09317dd7d3fbc8272864288320739973ef0f4b56bf2c0032349da8cdf",
                "sha256:1948539ce78805d4e6256ab0e048ec793956d54787dc9d6777df71c1d19c7f81",
                "sha256:19caa5b7282a89b799e63776ff602bb39604f7ca98db6df27e2de06756ae86c3",
                "sha256:1b172e6d497191940c4b8d75b53de82dc252e15b61de2951d577ec5b43316b29",
                "sha256:1c734a2d4843e4e14ececf5600c3c4750990ec319e1299db7e4f0d02c25c1467",
                "sha256:2a912397eb8d23c177d6d64e3c8bc46b8a1c7680b090d9f13a640b104aaec77c",
                "sha256:2eddaae8af625e45b5c8500dcca1043264d751a6872cde2eda5022df8a336959",
                "sha256:55930c56b8f5b347d6c8c609cc341949a97e176c90f5cbb01d148d778f3bbd23",
                "sha256:658ffe1e39171be00490db5bd3b966f79634ac4215a1eb9a85c6cd6783bf7f6e",
                "sha256:6601d812105583948ab9c6e403a7e2dba6e387cc678c010e74f2d6d589d1d1b3",
                "sha256:6b6d60b0958be711bab047e9f4df5dbbc40367955f8651232bfdcdd21450b9ab",
                "sha256:6beb84f83360ff29a3654f43f251ec11b809dcb5524b698d711550243debd289",
                "sha256:752d2949b40e12e6ad3ed8cc552a65b54d226504f6b1fb67cab2ccee502cc06f",
                "sha256:7dc8584ca6c015ad82e186e82f4c0fe977394588f66b8ecfc4ec873285314619",
                "sha256:82434ba3a5935e47908bc861ce1ebc43c2edfc1001d235d6e31e5d3ed55815f7",
                "sha256:8270d1dc2c98ab57e6dbf36fa187db8df4c036f04a398e5d5e25b4e01a766d70",
                "sha256:8a48fd3a7222be226bb86b7b413ad248f17f3101a524018cdc4562eeae1eb2a3",
                "sha256:95952d3fe795b06af29bb8ec7bbf3342cdd867fc17b77cc25e6733d23fa6c519",
                "sha256:976a7f24eb213e8429cab78d5e120500dfcdeb01041f1f5a77b17b9101902615",
                "sha256:9c84a481451e7174f3a764a44150f93b041ab51045aa33d7b5b68b6979114e48",
                "sha256:a34d6e905f071f9b945cabbcc776e2055de1fdb59cd13683d9aa0a8f265b5bf9",
                "sha256:a4952899b4931a6ba12951f9a141ef3e74ff8a6ec9aa2dc602afa40f63595e33",
                "sha256:a96c3c7f564b263c5d7c0e49a337166c8611e89c4c919f66dba7b9a84abad137",
                "sha256:aef7d30242409c3aa5839b501e877e453a2c8d3759ca8230dd5a21cda029f046",
                "sha256:b5bd026ac928c96cc23149e6ef79183125542062eb6d1ccec34c0a37e02255e7",
                "sha256:b6a2ead3de3b2d53119d473aa2f224030257ef33af1e4ddabd4afee1dea5f04c",
                "sha256:ba074af9ca268ad7b05d3fc2b920b5fb3c083da94ab63637aaf67f4f71ecb755",
                "sha256:c5fb6f3d7824696c1c9f2ad36ddb080ba5a86f2d929ef712d511b4d9972d3d27",
                "sha256:c705e0c21acb0e8478a00e7e773ad0ecdb34bd0e4adc282d3d2f51ba3961aac7",
                "sha256:c7ad9fbedb93f331c2e9054e202e95cf825b885811f1bcbbdfdc301e451442db",
                "sha256:da95778d37be8e4e9afca771a83424f892296f5dfb2a100eda2571a1d8bbc0dc",
                "sha256:dad5b302a4c21c604d88a5d441973f320134e6ff6a84ecef9c1139e5ffd466f6",
                "sha256:dbc1ba968639c1d23476f75c356e549e7bbf2d8d6688717dcab5290e88e8482b",
                "sha256:ddb2511fbbb440ed9e5c9a4b9b870f2ed649b7715859fd6f2ebc585ee85c0364",
                "sha256:df9ba1183b3f649210788cf80c239041dddcb375d6142d8bccafcfdf549522cd",
                "sha256:e4f513d63df6336fd84b74b701f17d1bb3b64e9d78a6ed5b5e8a198bbbe8bbfa",
                "sha256:e6f90698b5d1c5dd7b3236cd1fa959d7b80e17923f918d5be020b65f1c78b173",
                "sha256:eaf8e3b97caaf9415227a3c6ca5aa8d800fecadd526538d2bf8f11af783f1550",
                "sha256:ee81349411648d1abc94095c68cd25e3c2812e4e0367f9a9355be1e804a5135c",
                "sha256:f144a790f14c51b8a8e591eb5af40507ffee45ea6b818c2482f0457fec2e1a2e",
                "sha256:f3e837d29f0e1b9d6e7b29d569e2e9b0da61889e41879832ea15569c251c303a",
                "sha256:fa8eaac75d3107e3f5465f2c9e3bbd13db21790c6e45b7de1756eba16b050aca",
                "sha256:fdc6191587de410a184550d4143e2b24a14df495c86ca15e59508710681690ac"
            ],
            "index": "pypi",
            "version": "==1.53.0"
        },
        "grpcio-tools": {
            "hashes": [
                "sha256:0d8e85d7e62ea4e04ff75eace98dd0b53b22bd57dc1efbed0f8398db884e1cf6",
                "sha256:160e6fd9c44a3f6c76a8c2f84014e367d41a3cae27c451406b616f9a08ba2b1f",
                "sha256:337554658b4a4c0a6e1ee75acd6681ec45007e1d6d1975e885f92b665881e33a",
                "sha256:36390281f31861b8b685f7e8366ff8abbcdcedf3dda7b73133be56db71d3283b",
                "sha256:3dd362bcd1db5247760b7f8b8157abd53e47210a17df9de994f064819ba64c04",
                "sha256:4381f3722f3c5d02626796f9db6dd0dcb75c13245ea5655b54880ab7bd239a73",
                "sha256:4b5a5fe3e949bd03e068c05070f3cdc6a01b68323efb667199d3c67a30ef515c",
                "sha256:4f43d03e3e1f5f7bb14b8bba35a607e35ea4589fed778b8321c97810bc0a76ac",
                "sha256:67d1a8d71b2572250124ebdebbfac7248563bb97ab139916fb265705d1b0dbe2",
                "sha256:6e6fab6e8e92aadb70b4167e5eadd843e8c850d97213fdf4a39f6e4d3596e6f0",
                "sha256:75fe16b642564e47c65cf6d23362079cdbbbc5c544b59c7bc1a3a7c8865d73e3",
                "sha256:78bc91e38fe6a6c80de084014e22365c788811773829f28621878a803dd6af48",
                "sha256:8dde6f660e8390380e987b0661b2ced31bafa2d3dde9845bd918a007d998e7a8",
                "sha256:928de5a03fa2664d20433d3023e512fa1f8bc0588ff3eceee33c2d93b82e0110",
                "sha256:9a4348b0309c444e5b7bfd3a2cf38bdb354c56e5f4b966eb88b249aff46b0a4c",
                "sha256:9af68a58dc1a339e5735425a66b0a7146114b6fbc860d1f8b74b277d151f7bf1",
                "sha256:a3447b842ab2964a834776be0a38b93d1977887d43cb69a2ce9941388923d8a9",
                "sha256:a83b82b39e32a3110e45a11f0df9aceacefd201c25da79a66edda60d37a9f2e6",
                "sha256:b05de8f16752b50851cd1caa3e63a49b35f8adb3eee0cec8991b231fac0c158d",
                "sha256:b5c0fe51a155625c9d1132ab8deb56b3015e111a6961e48aeb9dd89bd7c670ab",
                "sha256:b659d2306dd79818b2fae0543377e199bcf656404032e24f2af53a0e5338b5c9",
                "sha256:b688dd1d83fdb46ab84d14a0711a0033984add9717619513f21e00f1b005f986",
                "sha256:bbe9c13774ecaf99beb39d05c3ee659771c903add0c5e7a761c79387f653f69f",
                "sha256:c23f59a04ed9db331922e5f02425958a907a019e157f14a6b95dd0ca1bcf05a6",
                "sha256:cf0c35fe4a8b0dc78d9bf181317d9fe9cd21a397429d9c0c01c0178cf20e4442",
                "sha256:cfd2320a0b4233ec4b9d3ac8d19df69194548bd32473fdba366cb50930f59dc2",
                "sha256:d5c82c63ec24f0de5151e478cabfca23afd39005b6d0ba62dccf81cf19b0ae7f",
                "sha256:d8d3dcb3832c209c66c67bd0f62289358b2cb942a68c00ac94c2ebf6870f731e",
                "sha256:d98ed0a731d6c4cee39e76ba0bc2225455da097f41fa11ebfa27fe3854b6cc98",
                "sha256:dbb2dd5367bfd71a6a779f6b237de015d6e508df129a126fc2a39da8a675457b",
                "sha256:f3c135ad51ec95667bb945be107d0176f3048e615283104bf30027fe8bc06a8e",
                "sha256:f8d75ead0ef7d060699b6c87b11f3c54e0c4b8e24065cbd262b64d300558a420"
            ],
            "index": "pypi",
            "version": "==1.22.0"
        },
        "protobuf": {
            "hashes": [
                "sha256:0149053336a466e3e0b040e54d0b615fc71de86da66791c592cc3c8d18150bf8",
                "sha256:08fe19d267608d438aa37019236db02b306e33f6b9902c3163838b8e75970223",
                "sha256:29660574cd769f2324a57fb78127cda59327eb6664381ecfe1c69731b83e8288",
                "sha256:2991f5e7690dab569f8f81702e6700e7364cc3b5e572725098215d3da5ccc6ac",
                "sha256:3b01a5274ac920feb75d0b372d901524f7e3ad39c63b1a2d55043f3887afe0c1",
                "sha256:3bcbeb2bf4bb61fe960dd6e005801a23a43578200ea8ceb726d1f6bd0e562ba1",
                "sha256:447b9786ac8e50ae72cae7a2eec5c5df6a9dbf9aa6f908f1b8bda6032644ea62",
                "sha256:514b6bbd54a41ca50c86dd5ad6488afe9505901b3557c5e0f7823a0cf67106fb",
                "sha256:5cb9e41188737f321f4fce9a4337bf40a5414b8d03227e1d9fbc59bc3a216e35",
                "sha256:7a92beb30600332a52cdadbedb40d33fd7c8a0d7f549c440347bc606fb3fe34b",
                "sha256:84ea0bd90c2fdd70ddd9f3d3fc0197cc24ecec1345856c2b5ba70e4d99815359",
                "sha256:aca6e86a08c5c5962f55eac9b5bd6fce6ed98645d77e8bfc2b952ecd4a8e4f6a",
                "sha256:cc14358a8742c4e06b1bfe4be1afbdf5c9f6bd094dff3e14edb78a1513893ff5"
            ],
            "markers": "python_version >= '3.7'",
            "version": "==4.23.3"
        }
    },
    "develop": {}
}
